
Microsoft Visual Studio Solution File, Format Version 12.00
# Visual Studio Version 17
VisualStudioVersion = 17.4.33122.133
MinimumVisualStudioVersion = 10.0.40219.1
Project("{FAE04EC0-301F-11D3-BF4B-00C04F79EFBC}") = "GraphQLDemo.API", "GraphQLDemo.API\GraphQLDemo.API.csproj", "{903CA835-EB69-4EA9-B5A4-3D0B0DFAF693}"
EndProject
Global
	GlobalSection(SolutionConfigurationPlatforms) = preSolution
		Debug|Any CPU = Debug|Any CPU
		Release|Any CPU = Release|Any CPU
	EndGlobalSection
	GlobalSection(ProjectConfigurationPlatforms) = postSolution
		{903CA835-EB69-4EA9-B5A4-3D0B0DFAF693}.Debug|Any CPU.ActiveCfg = Debug|Any CPU
		{903CA835-EB69-4EA9-B5A4-3D0B0DFAF693}.Debug|Any CPU.Build.0 = Debug|Any CPU
		{903CA835-EB69-4EA9-B5A4-3D0B0DFAF693}.Release|Any CPU.ActiveCfg = Release|Any CPU
		{903CA835-EB69-4EA9-B5A4-3D0B0DFAF693}.Release|Any CPU.Build.0 = Release|Any CPU
	EndGlobalSection
	GlobalSection(SolutionProperties) = preSolution
		HideSolutionNode = FALSE
	EndGlobalSection
	GlobalSection(ExtensibilityGlobals) = postSolution
		SolutionGuid = {8937FC25-FB0E-4427-9615-C20798EC01C1}
	EndGlobalSection
EndGlobal
